
Microsoft Visual Studio Solution File, Format Version 12.00
# Visual Studio 15
VisualStudioVersion = 15.0.28010.0
MinimumVisualStudioVersion = 10.0.40219.1
Project("{FAE04EC0-301F-11D3-BF4B-00C04F79EFBC}") = "Hello", "Hello\Hello.csproj", "{E24A2DFB-47E3-4A5B-A6B5-28D827801E53}"
EndProject
Project("{FAE04EC0-301F-11D3-BF4B-00C04F79EFBC}") = "Hello.Test", "Hello.Test\Hello.Test.csproj", "{AFC991BB-9675-484A-8FA9-9B7BD1A378E3}"
EndProject
Global
	GlobalSection(SolutionConfigurationPlatforms) = preSolution
		Debug|Any CPU = Debug|Any CPU
		Release|Any CPU = Release|Any CPU
	EndGlobalSection
	GlobalSection(ProjectConfigurationPlatforms) = postSolution
		{E24A2DFB-47E3-4A5B-A6B5-28D827801E53}.Debug|Any CPU.ActiveCfg = Debug|Any CPU
		{E24A2DFB-47E3-4A5B-A6B5-28D827801E53}.Debug|Any CPU.Build.0 = Debug|Any CPU
		{E24A2DFB-47E3-4A5B-A6B5-28D827801E53}.Release|Any CPU.ActiveCfg = Release|Any CPU
		{E24A2DFB-47E3-4A5B-A6B5-28D827801E53}.Release|Any CPU.Build.0 = Release|Any CPU
		{AFC991BB-9675-484A-8FA9-9B7BD1A378E3}.Debug|Any CPU.ActiveCfg = Debug|Any CPU
		{AFC991BB-9675-484A-8FA9-9B7BD1A378E3}.Debug|Any CPU.Build.0 = Debug|Any CPU
		{AFC991BB-9675-484A-8FA9-9B7BD1A378E3}.Release|Any CPU.ActiveCfg = Release|Any CPU
		{AFC991BB-9675-484A-8FA9-9B7BD1A378E3}.Release|Any CPU.Build.0 = Release|Any CPU
	EndGlobalSection
	GlobalSection(SolutionProperties) = preSolution
		HideSolutionNode = FALSE
	EndGlobalSection
	GlobalSection(ExtensibilityGlobals) = postSolution
		SolutionGuid = {39BAB820-B8F4-4207-B21E-7CA17792FB5B}
	EndGlobalSection
EndGlobal
